
Microsoft Visual Studio Solution File, Format Version 12.00
# Visual Studio Version 16
VisualStudioVersion = 16.0.30309.148
MinimumVisualStudioVersion = 10.0.40219.1
Project("{F184B08F-C81C-45F6-A57F-5ABD9991F28F}") = "Wonderlist Dashboard", "Wonderlist Dashboard.vbproj", "{F5993D62-B27F-46D3-8E79-85FF33334ABC}"
EndProject
Global
	GlobalSection(SolutionConfigurationPlatforms) = preSolution
		Debug|Any CPU = Debug|Any CPU
		Release|Any CPU = Release|Any CPU
	EndGlobalSection
	GlobalSection(ProjectConfigurationPlatforms) = postSolution
		{F5993D62-B27F-46D3-8E79-85FF33334ABC}.Debug|Any CPU.ActiveCfg = Debug|Any CPU
		{F5993D62-B27F-46D3-8E79-85FF33334ABC}.Debug|Any CPU.Build.0 = Debug|Any CPU
		{F5993D62-B27F-46D3-8E79-85FF33334ABC}.Release|Any CPU.ActiveCfg = Release|Any CPU
		{F5993D62-B27F-46D3-8E79-85FF33334ABC}.Release|Any CPU.Build.0 = Release|Any CPU
	EndGlobalSection
	GlobalSection(SolutionProperties) = preSolution
		HideSolutionNode = FALSE
	EndGlobalSection
	GlobalSection(ExtensibilityGlobals) = postSolution
		SolutionGuid = {6ABC48DE-9F44-4EB2-A536-409CFCD2DBD0}
	EndGlobalSection
EndGlobal
